
Microsoft Visual Studio Solution File, Format Version 12.00
# Visual Studio Version 16
VisualStudioVersion = 16.0.30804.86
MinimumVisualStudioVersion = 10.0.40219.1
Project("{9A19103F-16F7-4668-BE54-9A1E7A4F7556}") = "Problem1", "Problem1\Problem1.csproj", "{F321D0DA-9989-4A84-BAB2-A30D4367B5F6}"
EndProject
Project("{9A19103F-16F7-4668-BE54-9A1E7A4F7556}") = "Problem2", "Problem2\Problem2.csproj", "{C2A277CC-BB1F-4176-A81A-952091414899}"
EndProject
Project("{9A19103F-16F7-4668-BE54-9A1E7A4F7556}") = "Problem3", "Problem3\Problem3.csproj", "{6AA83140-82EC-4034-83BB-A5FC54E4E154}"
EndProject
Project("{9A19103F-16F7-4668-BE54-9A1E7A4F7556}") = "Problem4", "Problem4\Problem4.csproj", "{1B3BF486-C1DB-47D2-A1B9-690E1C367FB9}"
EndProject
Project("{9A19103F-16F7-4668-BE54-9A1E7A4F7556}") = "Problem5", "Problem5\Problem5.csproj", "{5601BFA6-B85D-4F7A-A51B-22AC3FCB46BD}"
EndProject
Project("{FAE04EC0-301F-11D3-BF4B-00C04F79EFBC}") = "Problem6", "Problem6\Problem6.csproj", "{7C161A1C-7F1A-4228-941E-C27C0A47C2BD}"
EndProject
Global
	GlobalSection(SolutionConfigurationPlatforms) = preSolution
		Debug|Any CPU = Debug|Any CPU
		Release|Any CPU = Release|Any CPU
	EndGlobalSection
	GlobalSection(ProjectConfigurationPlatforms) = postSolution
		{F321D0DA-9989-4A84-BAB2-A30D4367B5F6}.Debug|Any CPU.ActiveCfg = Debug|Any CPU
		{F321D0DA-9989-4A84-BAB2-A30D4367B5F6}.Debug|Any CPU.Build.0 = Debug|Any CPU
		{F321D0DA-9989-4A84-BAB2-A30D4367B5F6}.Release|Any CPU.ActiveCfg = Release|Any CPU
		{F321D0DA-9989-4A84-BAB2-A30D4367B5F6}.Release|Any CPU.Build.0 = Release|Any CPU
		{C2A277CC-BB1F-4176-A81A-952091414899}.Debug|Any CPU.ActiveCfg = Debug|Any CPU
		{C2A277CC-BB1F-4176-A81A-952091414899}.Debug|Any CPU.Build.0 = Debug|Any CPU
		{C2A277CC-BB1F-4176-A81A-952091414899}.Release|Any CPU.ActiveCfg = Release|Any CPU
		{C2A277CC-BB1F-4176-A81A-952091414899}.Release|Any CPU.Build.0 = Release|Any CPU
		{6AA83140-82EC-4034-83BB-A5FC54E4E154}.Debug|Any CPU.ActiveCfg = Debug|Any CPU
		{6AA83140-82EC-4034-83BB-A5FC54E4E154}.Debug|Any CPU.Build.0 = Debug|Any CPU
		{6AA83140-82EC-4034-83BB-A5FC54E4E154}.Release|Any CPU.ActiveCfg = Release|Any CPU
		{6AA83140-82EC-4034-83BB-A5FC54E4E154}.Release|Any CPU.Build.0 = Release|Any CPU
		{1B3BF486-C1DB-47D2-A1B9-690E1C367FB9}.Debug|Any CPU.ActiveCfg = Debug|Any CPU
		{1B3BF486-C1DB-47D2-A1B9-690E1C367FB9}.Debug|Any CPU.Build.0 = Debug|Any CPU
		{1B3BF486-C1DB-47D2-A1B9-690E1C367FB9}.Release|Any CPU.ActiveCfg = Release|Any CPU
		{1B3BF486-C1DB-47D2-A1B9-690E1C367FB9}.Release|Any CPU.Build.0 = Release|Any CPU
		{5601BFA6-B85D-4F7A-A51B-22AC3FCB46BD}.Debug|Any CPU.ActiveCfg = Debug|Any CPU
		{5601BFA6-B85D-4F7A-A51B-22AC3FCB46BD}.Debug|Any CPU.Build.0 = Debug|Any CPU
		{5601BFA6-B85D-4F7A-A51B-22AC3FCB46BD}.Release|Any CPU.ActiveCfg = Release|Any CPU
		{5601BFA6-B85D-4F7A-A51B-22AC3FCB46BD}.Release|Any CPU.Build.0 = Release|Any CPU
		{7C161A1C-7F1A-4228-941E-C27C0A47C2BD}.Debug|Any CPU.ActiveCfg = Debug|Any CPU
		{7C161A1C-7F1A-4228-941E-C27C0A47C2BD}.Debug|Any CPU.Build.0 = Debug|Any CPU
		{7C161A1C-7F1A-4228-941E-C27C0A47C2BD}.Release|Any CPU.ActiveCfg = Release|Any CPU
		{7C161A1C-7F1A-4228-941E-C27C0A47C2BD}.Release|Any CPU.Build.0 = Release|Any CPU
	EndGlobalSection
	GlobalSection(SolutionProperties) = preSolution
		HideSolutionNode = FALSE
	EndGlobalSection
	GlobalSection(ExtensibilityGlobals) = postSolution
		SolutionGuid = {FDCEF16D-9BB5-4CC4-BB3F-82496B8F0D85}
	EndGlobalSection
EndGlobal
